
Microsoft Visual Studio Solution File, Format Version 12.00
# Visual Studio Version 16
VisualStudioVersion = 16.0.32413.511
MinimumVisualStudioVersion = 10.0.40219.1
Project("{FAE04EC0-301F-11D3-BF4B-00C04F79EFBC}") = "Simulación parcial", "Simulación parcial\Simulación parcial.csproj", "{9CB5CDB7-AFEC-4E4D-AEE7-13E2C9DCEABD}"
EndProject
Global
	GlobalSection(SolutionConfigurationPlatforms) = preSolution
		Debug|Any CPU = Debug|Any CPU
		Release|Any CPU = Release|Any CPU
	EndGlobalSection
	GlobalSection(ProjectConfigurationPlatforms) = postSolution
		{9CB5CDB7-AFEC-4E4D-AEE7-13E2C9DCEABD}.Debug|Any CPU.ActiveCfg = Debug|Any CPU
		{9CB5CDB7-AFEC-4E4D-AEE7-13E2C9DCEABD}.Debug|Any CPU.Build.0 = Debug|Any CPU
		{9CB5CDB7-AFEC-4E4D-AEE7-13E2C9DCEABD}.Release|Any CPU.ActiveCfg = Release|Any CPU
		{9CB5CDB7-AFEC-4E4D-AEE7-13E2C9DCEABD}.Release|Any CPU.Build.0 = Release|Any CPU
	EndGlobalSection
	GlobalSection(SolutionProperties) = preSolution
		HideSolutionNode = FALSE
	EndGlobalSection
	GlobalSection(ExtensibilityGlobals) = postSolution
		SolutionGuid = {1BC6F9A8-12C5-49F8-8D28-88ECB89E8824}
	EndGlobalSection
EndGlobal
